
Microsoft Visual Studio Solution File, Format Version 12.00
# Visual Studio Version 16
VisualStudioVersion = 16.0.29215.179
MinimumVisualStudioVersion = 10.0.40219.1
Project("{2150E333-8FDC-42A3-9474-1A3956D46DE8}") = "ServerApp", "ServerApp", "{9AB459D6-284C-4B48-80E6-ABB601D06391}"
EndProject
Project("{2150E333-8FDC-42A3-9474-1A3956D46DE8}") = "src", "src", "{29452C71-F738-4086-A637-99376F98327A}"
EndProject
Project("{2150E333-8FDC-42A3-9474-1A3956D46DE8}") = "tests", "tests", "{14E32E85-2804-4FAB-9357-EB8474CB0308}"
EndProject
Project("{FAE04EC0-301F-11D3-BF4B-00C04F79EFBC}") = "CurrencyExchange.Api", "ServerApp\src\CurrencyExchange.Api\CurrencyExchange.Api.csproj", "{8F1B4D70-7CAD-4F69-8D99-A6CDF45F3E45}"
EndProject
Global
	GlobalSection(SolutionConfigurationPlatforms) = preSolution
		Debug|Any CPU = Debug|Any CPU
		Release|Any CPU = Release|Any CPU
	EndGlobalSection
	GlobalSection(ProjectConfigurationPlatforms) = postSolution
		{8F1B4D70-7CAD-4F69-8D99-A6CDF45F3E45}.Debug|Any CPU.ActiveCfg = Debug|Any CPU
		{8F1B4D70-7CAD-4F69-8D99-A6CDF45F3E45}.Debug|Any CPU.Build.0 = Debug|Any CPU
		{8F1B4D70-7CAD-4F69-8D99-A6CDF45F3E45}.Release|Any CPU.ActiveCfg = Release|Any CPU
		{8F1B4D70-7CAD-4F69-8D99-A6CDF45F3E45}.Release|Any CPU.Build.0 = Release|Any CPU
	EndGlobalSection
	GlobalSection(SolutionProperties) = preSolution
		HideSolutionNode = FALSE
	EndGlobalSection
	GlobalSection(NestedProjects) = preSolution
		{29452C71-F738-4086-A637-99376F98327A} = {9AB459D6-284C-4B48-80E6-ABB601D06391}
		{14E32E85-2804-4FAB-9357-EB8474CB0308} = {9AB459D6-284C-4B48-80E6-ABB601D06391}
		{8F1B4D70-7CAD-4F69-8D99-A6CDF45F3E45} = {29452C71-F738-4086-A637-99376F98327A}
	EndGlobalSection
	GlobalSection(ExtensibilityGlobals) = postSolution
		SolutionGuid = {69DA6B29-0F22-4683-994E-3F0B416DE827}
	EndGlobalSection
EndGlobal
